// !$*UTF8*$!
{
	archiveVersion = 1;
	classes = {
	};
	objectVersion = 46;
	objects = {

/* Begin PBXBuildFile section */
		071C0A541EA394650022C709 /* PlayerData.m in Sources */ = {isa = PBXBuildFile; fileRef = 071C0A531EA394650022C709 /* PlayerData.m */; };
		071C0A9E1EA5AAAC0022C709 /* icon_120X120.png in Resources */ = {isa = PBXBuildFile; fileRef = 071C0A971EA5AAAC0022C709 /* icon_120X120.png */; };
		071C0A9F1EA5AAAC0022C709 /* icon_180X180.png in Resources */ = {isa = PBXBuildFile; fileRef = 071C0A981EA5AAAC0022C709 /* icon_180X180.png */; };
		071C0AA01EA5AAAC0022C709 /* icon_40X40.png in Resources */ = {isa = PBXBuildFile; fileRef = 071C0A991EA5AAAC0022C709 /* icon_40X40.png */; };
		071C0AA11EA5AAAC0022C709 /* icon_58X58.png in Resources */ = {isa = PBXBuildFile; fileRef = 071C0A9A1EA5AAAC0022C709 /* icon_58X58.png */; };
		071C0AA21EA5AAAC0022C709 /* icon_60X60.png in Resources */ = {isa = PBXBuildFile; fileRef = 071C0A9B1EA5AAAC0022C709 /* icon_60X60.png */; };
		071C0AA31EA5AAAC0022C709 /* icon_80X80.png in Resources */ = {isa = PBXBuildFile; fileRef = 071C0A9C1EA5AAAC0022C709 /* icon_80X80.png */; };
		071C0AA41EA5AAAC0022C709 /* icon_87X87.png in Resources */ = {isa = PBXBuildFile; fileRef = 071C0A9D1EA5AAAC0022C709 /* icon_87X87.png */; };
		071E3B951F6567A70024B4FA /* MoefmResponse.m in Sources */ = {isa = PBXBuildFile; fileRef = 071E3B941F6567A70024B4FA /* MoefmResponse.m */; };
		071E3B981F6567EA0024B4FA /* MoefmUser.m in Sources */ = {isa = PBXBuildFile; fileRef = 071E3B971F6567EA0024B4FA /* MoefmUser.m */; };
		071E3B9B1F65685E0024B4FA /* MoefmInformation.m in Sources */ = {isa = PBXBuildFile; fileRef = 071E3B9A1F65685E0024B4FA /* MoefmInformation.m */; };
		071E3B9E1F6568A30024B4FA /* MoefmParameters.m in Sources */ = {isa = PBXBuildFile; fileRef = 071E3B9D1F6568A30024B4FA /* MoefmParameters.m */; };
		071E3BA11F6568E50024B4FA /* MoefmWiki.m in Sources */ = {isa = PBXBuildFile; fileRef = 071E3BA01F6568E50024B4FA /* MoefmWiki.m */; };
		071E3BA41F65692A0024B4FA /* MoefmRelationships.m in Sources */ = {isa = PBXBuildFile; fileRef = 071E3BA31F65692A0024B4FA /* MoefmRelationships.m */; };
		071E3BA71F6569620024B4FA /* MoefmObject.m in Sources */ = {isa = PBXBuildFile; fileRef = 071E3BA61F6569620024B4FA /* MoefmObject.m */; };
		071E3BAA1F6569980024B4FA /* MoefmSubUpload.m in Sources */ = {isa = PBXBuildFile; fileRef = 071E3BA91F6569980024B4FA /* MoefmSubUpload.m */; };
		071E3BAD1F6569BC0024B4FA /* MoefmSong.m in Sources */ = {isa = PBXBuildFile; fileRef = 071E3BAC1F6569BC0024B4FA /* MoefmSong.m */; };
		071E3BB01F656A3D0024B4FA /* MoefmSongFavSub.m in Sources */ = {isa = PBXBuildFile; fileRef = 071E3BAF1F656A3D0024B4FA /* MoefmSongFavSub.m */; };
		071E3BB51F656A980024B4FA /* MoefmFavourite.m in Sources */ = {isa = PBXBuildFile; fileRef = 071E3BB41F656A980024B4FA /* MoefmFavourite.m */; };
		071E3BBB1F656B440024B4FA /* MoefmFavSubUpload.m in Sources */ = {isa = PBXBuildFile; fileRef = 071E3BBA1F656B440024B4FA /* MoefmFavSubUpload.m */; };
		071E3BBE1F656B920024B4FA /* MoefmFavObject.m in Sources */ = {isa = PBXBuildFile; fileRef = 071E3BBD1F656B920024B4FA /* MoefmFavObject.m */; };
		071E3BC11F6574CE0024B4FA /* MoeHomeViewController.m in Sources */ = {isa = PBXBuildFile; fileRef = 071E3BC01F6574CE0024B4FA /* MoeHomeViewController.m */; };
		071E3BC41F658CB10024B4FA /* HotRadioView.m in Sources */ = {isa = PBXBuildFile; fileRef = 071E3BC31F658CB10024B4FA /* HotRadioView.m */; };
		071E3BC71F658D220024B4FA /* HotAlbumView.m in Sources */ = {isa = PBXBuildFile; fileRef = 071E3BC61F658D220024B4FA /* HotAlbumView.m */; };
		071E3BCA1F658E010024B4FA /* UserHeadPictureView.m in Sources */ = {isa = PBXBuildFile; fileRef = 071E3BC91F658E010024B4FA /* UserHeadPictureView.m */; };
		071E3BCD1F658F280024B4FA /* HomeFooterView.m in Sources */ = {isa = PBXBuildFile; fileRef = 071E3BCC1F658F280024B4FA /* HomeFooterView.m */; };
		071E3BD01F658FBC0024B4FA /* HomeHeaderView.m in Sources */ = {isa = PBXBuildFile; fileRef = 071E3BCF1F658FBC0024B4FA /* HomeHeaderView.m */; };
		071E3BD21F659B4D0024B4FA /* nver.png in Resources */ = {isa = PBXBuildFile; fileRef = 071E3BD11F659B4D0024B4FA /* nver.png */; };
		071E3BD51F65A9140024B4FA /* SliderSettingView.m in Sources */ = {isa = PBXBuildFile; fileRef = 071E3BD41F65A9140024B4FA /* SliderSettingView.m */; };
		071E3BD71F65A9360024B4FA /* SliderSettingView.xib in Resources */ = {isa = PBXBuildFile; fileRef = 071E3BD61F65A9360024B4FA /* SliderSettingView.xib */; };
		072CAFDA1F687E8F004C01F9 /* MoefmWikiCollectionViewCell.m in Sources */ = {isa = PBXBuildFile; fileRef = 072CAFD81F687E8F004C01F9 /* MoefmWikiCollectionViewCell.m */; };
		072CAFE11F689011004C01F9 /* MoefmHotAlbumCollectionViewCell.m in Sources */ = {isa = PBXBuildFile; fileRef = 072CAFE01F689011004C01F9 /* MoefmHotAlbumCollectionViewCell.m */; };
		07419C701F5D45F5007779C0 /* welcomeBackground.png in Resources */ = {isa = PBXBuildFile; fileRef = 07419C6F1F5D45F5007779C0 /* welcomeBackground.png */; };
		07419C731F5D4647007779C0 /* WelcomeViewController.m in Sources */ = {isa = PBXBuildFile; fileRef = 07419C721F5D4647007779C0 /* WelcomeViewController.m */; };
		07419C751F5D59B4007779C0 /* Welcome.storyboard in Resources */ = {isa = PBXBuildFile; fileRef = 07419C741F5D59B4007779C0 /* Welcome.storyboard */; };
		0749003A1F60647C008D990D /* head_background_img.png in Resources */ = {isa = PBXBuildFile; fileRef = 074900381F60647C008D990D /* head_background_img.png */; };
		0749003B1F60647C008D990D /* head_img.png in Resources */ = {isa = PBXBuildFile; fileRef = 074900391F60647C008D990D /* head_img.png */; };
		074CAAD41F5EDCB600AE1A81 /* PTResourceLoader.m in Sources */ = {isa = PBXBuildFile; fileRef = 074CAAD31F5EDCB600AE1A81 /* PTResourceLoader.m */; };
		074CAAD71F5EDDC700AE1A81 /* PTRequestTask.m in Sources */ = {isa = PBXBuildFile; fileRef = 074CAAD61F5EDDC700AE1A81 /* PTRequestTask.m */; };
		074CAADA1F5EDDE000AE1A81 /* PTFileHandle.m in Sources */ = {isa = PBXBuildFile; fileRef = 074CAAD91F5EDDE000AE1A81 /* PTFileHandle.m */; };
		074CAADE1F5EECA200AE1A81 /* NSURL+PTCollection.m in Sources */ = {isa = PBXBuildFile; fileRef = 074CAADD1F5EECA200AE1A81 /* NSURL+PTCollection.m */; };
		074CCB0E1EAA42BB00BE2B83 /* PTPlayerManager.m in Sources */ = {isa = PBXBuildFile; fileRef = 074CCB0D1EAA42BB00BE2B83 /* PTPlayerManager.m */; };
		0761729F1F61170800F353C6 /* body_background_img_first.png in Resources */ = {isa = PBXBuildFile; fileRef = 0761729E1F61170800F353C6 /* body_background_img_first.png */; };
		076172A31F61253400F353C6 /* body_background_img_second.png in Resources */ = {isa = PBXBuildFile; fileRef = 076172A21F61253400F353C6 /* body_background_img_second.png */; };
		076172A51F61293E00F353C6 /* moefm_logo_original.png in Resources */ = {isa = PBXBuildFile; fileRef = 076172A41F61293E00F353C6 /* moefm_logo_original.png */; };
		076172A71F613DBE00F353C6 /* body_background_img_third.png in Resources */ = {isa = PBXBuildFile; fileRef = 076172A61F613DBE00F353C6 /* body_background_img_third.png */; };
		076172A91F614B7600F353C6 /* foot_background_img.png in Resources */ = {isa = PBXBuildFile; fileRef = 076172A81F614B7600F353C6 /* foot_background_img.png */; };
		076172AB1F614F6B00F353C6 /* launch_image.png in Resources */ = {isa = PBXBuildFile; fileRef = 076172AA1F614F6B00F353C6 /* launch_image.png */; };
		076172AD1F61530800F353C6 /* moefm_logo_home.png in Resources */ = {isa = PBXBuildFile; fileRef = 076172AC1F61530800F353C6 /* moefm_logo_home.png */; };
		076172AF1F61532200F353C6 /* kotenbu_logo_home.png in Resources */ = {isa = PBXBuildFile; fileRef = 076172AE1F61532200F353C6 /* kotenbu_logo_home.png */; };
		07670EA21E9E3DB50027E3EA /* RadioCollectionViewCell.m in Sources */ = {isa = PBXBuildFile; fileRef = 07670EA11E9E3DB50027E3EA /* RadioCollectionViewCell.m */; };
		07670ECA1E9E8B780027E3EA /* cover_default_image.png in Resources */ = {isa = PBXBuildFile; fileRef = 07670EC91E9E8B780027E3EA /* cover_default_image.png */; };
		07670ECC1E9E916C0027E3EA /* home_background_image.png in Resources */ = {isa = PBXBuildFile; fileRef = 07670ECB1E9E916C0027E3EA /* home_background_image.png */; };
		07670EF11E9F7D3D0027E3EA /* RadioPlayListViewController.m in Sources */ = {isa = PBXBuildFile; fileRef = 07670EF01E9F7D3D0027E3EA /* RadioPlayListViewController.m */; };
		07670EF41E9F83390027E3EA /* RadioPlayListCell.m in Sources */ = {isa = PBXBuildFile; fileRef = 07670EF31E9F83390027E3EA /* RadioPlayListCell.m */; };
		07670EFF1E9F8ED40027E3EA /* MoefmAPIConst.m in Sources */ = {isa = PBXBuildFile; fileRef = 07670EFE1E9F8ED40027E3EA /* MoefmAPIConst.m */; };
		07670F111EA05A030027E3EA /* PTMusicPlayerBottomView.m in Sources */ = {isa = PBXBuildFile; fileRef = 07670F101EA05A030027E3EA /* PTMusicPlayerBottomView.m */; };
		07670F131EA05A250027E3EA /* PTMusicPlayerBottomView.xib in Resources */ = {isa = PBXBuildFile; fileRef = 07670F121EA05A250027E3EA /* PTMusicPlayerBottomView.xib */; };
		07670F191EA06D080027E3EA /* fav_no@2x.png in Resources */ = {isa = PBXBuildFile; fileRef = 07670F141EA06D080027E3EA /* fav_no@2x.png */; };
		07670F1A1EA06D080027E3EA /* fav_yes@2x.png in Resources */ = {isa = PBXBuildFile; fileRef = 07670F151EA06D080027E3EA /* fav_yes@2x.png */; };
		07670F1B1EA06D080027E3EA /* next@2x.png in Resources */ = {isa = PBXBuildFile; fileRef = 07670F161EA06D080027E3EA /* next@2x.png */; };
		07670F1C1EA06D080027E3EA /* pause@2x.png in Resources */ = {isa = PBXBuildFile; fileRef = 07670F171EA06D080027E3EA /* pause@2x.png */; };
		07670F1D1EA06D080027E3EA /* play@2x.png in Resources */ = {isa = PBXBuildFile; fileRef = 07670F181EA06D080027E3EA /* play@2x.png */; };
		07670F201EA06DE60027E3EA /* dislike_no@2x.png in Resources */ = {isa = PBXBuildFile; fileRef = 07670F1E1EA06DE60027E3EA /* dislike_no@2x.png */; };
		07670F211EA06DE60027E3EA /* dislike_yes@2x.png in Resources */ = {isa = PBXBuildFile; fileRef = 07670F1F1EA06DE60027E3EA /* dislike_yes@2x.png */; };
		0768B4701EBA1A3A00C8105D /* UIControl+PTFixMultiClick.m in Sources */ = {isa = PBXBuildFile; fileRef = 0768B46F1EBA1A3A00C8105D /* UIControl+PTFixMultiClick.m */; };
		0769F0B61EAF769C005EE315 /* MineViewController.m in Sources */ = {isa = PBXBuildFile; fileRef = 0769F0B51EAF769C005EE315 /* MineViewController.m */; };
		07AF8A2F1EC0E6D2008BD1B6 /* GTMNSString+HTML.m in Sources */ = {isa = PBXBuildFile; fileRef = 07AF8A2E1EC0E6D2008BD1B6 /* GTMNSString+HTML.m */; settings = {COMPILER_FLAGS = "-fno-objc-arc"; }; };
		07AF8A321EC0EFB2008BD1B6 /* MineTableViewCell.m in Sources */ = {isa = PBXBuildFile; fileRef = 07AF8A311EC0EFB2008BD1B6 /* MineTableViewCell.m */; };
		07B221F01F67C9B00077585F /* SliderSettingHeaderView.m in Sources */ = {isa = PBXBuildFile; fileRef = 07B221EF1F67C9B00077585F /* SliderSettingHeaderView.m */; };
		07B221F21F67CA4B0077585F /* SliderSettingHeaderView.xib in Resources */ = {isa = PBXBuildFile; fileRef = 07B221F11F67CA4B0077585F /* SliderSettingHeaderView.xib */; };
		07B221F41F67CA810077585F /* sliderHeader.png in Resources */ = {isa = PBXBuildFile; fileRef = 07B221F31F67CA810077585F /* sliderHeader.png */; };
		07B221F61F684DB90077585F /* magic_stick@2x.png in Resources */ = {isa = PBXBuildFile; fileRef = 07B221F51F684DB90077585F /* magic_stick@2x.png */; };
		07B8EE251EB798E100162868 /* CollectionSongsCell.m in Sources */ = {isa = PBXBuildFile; fileRef = 07B8EE241EB798E100162868 /* CollectionSongsCell.m */; };
		07BAD4501E99FCF8009B6691 /* PTWebUtils.m in Sources */ = {isa = PBXBuildFile; fileRef = 07BAD44F1E99FCF8009B6691 /* PTWebUtils.m */; };
		07BAD4621E9BC423009B6691 /* OAuthViewController.m in Sources */ = {isa = PBXBuildFile; fileRef = 07BAD4611E9BC423009B6691 /* OAuthViewController.m */; };
		07DFD5681ED4BD3F003B6A93 /* RegisterViewController.m in Sources */ = {isa = PBXBuildFile; fileRef = 07DFD5671ED4BD3F003B6A93 /* RegisterViewController.m */; };
		07E7B61A1E9D0C27004C9CF1 /* NSString+PTCollection.m in Sources */ = {isa = PBXBuildFile; fileRef = 07E7B6151E9D0C27004C9CF1 /* NSString+PTCollection.m */; };
		07E7B61B1E9D0C27004C9CF1 /* PTOAuthModel.m in Sources */ = {isa = PBXBuildFile; fileRef = 07E7B6171E9D0C27004C9CF1 /* PTOAuthModel.m */; };
		07E7B61C1E9D0C27004C9CF1 /* PTOAuthTool.m in Sources */ = {isa = PBXBuildFile; fileRef = 07E7B6191E9D0C27004C9CF1 /* PTOAuthTool.m */; };
		07FEF3131E99018A00F6AC3B /* main.m in Sources */ = {isa = PBXBuildFile; fileRef = 07FEF3121E99018A00F6AC3B /* main.m */; };
		07FEF31C1E99018A00F6AC3B /* Main.storyboard in Resources */ = {isa = PBXBuildFile; fileRef = 07FEF31A1E99018A00F6AC3B /* Main.storyboard */; };
		07FEF31E1E99018A00F6AC3B /* Assets.xcassets in Resources */ = {isa = PBXBuildFile; fileRef = 07FEF31D1E99018A00F6AC3B /* Assets.xcassets */; };
		07FEF3211E99018A00F6AC3B /* LaunchScreen.storyboard in Resources */ = {isa = PBXBuildFile; fileRef = 07FEF31F1E99018A00F6AC3B /* LaunchScreen.storyboard */; };
		07FEF35E1E99099600F6AC3B /* AlbumViewController.m in Sources */ = {isa = PBXBuildFile; fileRef = 07FEF3451E99099600F6AC3B /* AlbumViewController.m */; };
		07FEF3601E99099600F6AC3B /* CollectionViewController.m in Sources */ = {isa = PBXBuildFile; fileRef = 07FEF34D1E99099600F6AC3B /* CollectionViewController.m */; };
		07FEF3611E99099600F6AC3B /* HomeViewController.m in Sources */ = {isa = PBXBuildFile; fileRef = 07FEF3531E99099600F6AC3B /* HomeViewController.m */; };
		07FEF3621E99099600F6AC3B /* MainTabBarController.m in Sources */ = {isa = PBXBuildFile; fileRef = 07FEF3571E99099600F6AC3B /* MainTabBarController.m */; };
		07FEF3651E9909FB00F6AC3B /* PodFile in Resources */ = {isa = PBXBuildFile; fileRef = 07FEF3641E9909FB00F6AC3B /* PodFile */; };
		07FEF3681E990F8500F6AC3B /* AppDelegate.m in Sources */ = {isa = PBXBuildFile; fileRef = 07FEF3671E990F8500F6AC3B /* AppDelegate.m */; };
		AD2C4EDC213B5E911500E7B1 /* libPods-ProjectOfMoeFM.a in Frameworks */ = {isa = PBXBuildFile; fileRef = 5CE97BC1DFD5452A0EC3D77D /* libPods-ProjectOfMoeFM.a */; };
/* End PBXBuildFile section */

/* Begin PBXFileReference section */
		071C0A521EA394650022C709 /* PlayerData.h */ = {isa = PBXFileReference; fileEncoding = 4; lastKnownFileType = sourcecode.c.h; name = PlayerData.h; path = Main/PlayerData.h; sourceTree = "<group>"; };
		071C0A531EA394650022C709 /* PlayerData.m */ = {isa = PBXFileReference; fileEncoding = 4; lastKnownFileType = sourcecode.c.objc; name = PlayerData.m; path = Main/PlayerData.m; sourceTree = "<group>"; };
		071C0A971EA5AAAC0022C709 /* icon_120X120.png */ = {isa = PBXFileReference; lastKnownFileType = image.png; path = icon_120X120.png; sourceTree = "<group>"; };
		071C0A981EA5AAAC0022C709 /* icon_180X180.png */ = {isa = PBXFileReference; lastKnownFileType = image.png; path = icon_180X180.png; sourceTree = "<group>"; };
		071C0A991EA5AAAC0022C709 /* icon_40X40.png */ = {isa = PBXFileReference; lastKnownFileType = image.png; path = icon_40X40.png; sourceTree = "<group>"; };
		071C0A9A1EA5AAAC0022C709 /* icon_58X58.png */ = {isa = PBXFileReference; lastKnownFileType = image.png; path = icon_58X58.png; sourceTree = "<group>"; };
		071C0A9B1EA5AAAC0022C709 /* icon_60X60.png */ = {isa = PBXFileReference; lastKnownFileType = image.png; path = icon_60X60.png; sourceTree = "<group>"; };
		071C0A9C1EA5AAAC0022C709 /* icon_80X80.png */ = {isa = PBXFileReference; lastKnownFileType = image.png; path = icon_80X80.png; sourceTree = "<group>"; };
		071C0A9D1EA5AAAC0022C709 /* icon_87X87.png */ = {isa = PBXFileReference; lastKnownFileType = image.png; path = icon_87X87.png; sourceTree = "<group>"; };
		071E3B931F6567A70024B4FA /* MoefmResponse.h */ = {isa = PBXFileReference; fileEncoding = 4; lastKnownFileType = sourcecode.c.h; path = MoefmResponse.h; sourceTree = "<group>"; };
		071E3B941F6567A70024B4FA /* MoefmResponse.m */ = {isa = PBXFileReference; fileEncoding = 4; lastKnownFileType = sourcecode.c.objc; path = MoefmResponse.m; sourceTree = "<group>"; };
		071E3B961F6567EA0024B4FA /* MoefmUser.h */ = {isa = PBXFileReference; fileEncoding = 4; lastKnownFileType = sourcecode.c.h; path = MoefmUser.h; sourceTree = "<group>"; };
		071E3B971F6567EA0024B4FA /* MoefmUser.m */ = {isa = PBXFileReference; fileEncoding = 4; lastKnownFileType = sourcecode.c.objc; path = MoefmUser.m; sourceTree = "<group>"; };
		071E3B991F65685E0024B4FA /* MoefmInformation.h */ = {isa = PBXFileReference; fileEncoding = 4; lastKnownFileType = sourcecode.c.h; path = MoefmInformation.h; sourceTree = "<group>"; };
		071E3B9A1F65685E0024B4FA /* MoefmInformation.m */ = {isa = PBXFileReference; fileEncoding = 4; lastKnownFileType = sourcecode.c.objc; path = MoefmInformation.m; sourceTree = "<group>"; };
		071E3B9C1F6568A30024B4FA /* MoefmParameters.h */ = {isa = PBXFileReference; fileEncoding = 4; lastKnownFileType = sourcecode.c.h; path = MoefmParameters.h; sourceTree = "<group>"; };
		071E3B9D1F6568A30024B4FA /* MoefmParameters.m */ = {isa = PBXFileReference; fileEncoding = 4; lastKnownFileType = sourcecode.c.objc; path = MoefmParameters.m; sourceTree = "<group>"; };
		071E3B9F1F6568E50024B4FA /* MoefmWiki.h */ = {isa = PBXFileReference; fileEncoding = 4; lastKnownFileType = sourcecode.c.h; path = MoefmWiki.h; sourceTree = "<group>"; };
		071E3BA01F6568E50024B4FA /* MoefmWiki.m */ = {isa = PBXFileReference; fileEncoding = 4; lastKnownFileType = sourcecode.c.objc; path = MoefmWiki.m; sourceTree = "<group>"; };
		071E3BA21F65692A0024B4FA /* MoefmRelationships.h */ = {isa = PBXFileReference; fileEncoding = 4; lastKnownFileType = sourcecode.c.h; path = MoefmRelationships.h; sourceTree = "<group>"; };
		071E3BA31F65692A0024B4FA /* MoefmRelationships.m */ = {isa = PBXFileReference; fileEncoding = 4; lastKnownFileType = sourcecode.c.objc; path = MoefmRelationships.m; sourceTree = "<group>"; };
		071E3BA51F6569620024B4FA /* MoefmObject.h */ = {isa = PBXFileReference; fileEncoding = 4; lastKnownFileType = sourcecode.c.h; path = MoefmObject.h; sourceTree = "<group>"; };
		071E3BA61F6569620024B4FA /* MoefmObject.m */ = {isa = PBXFileReference; fileEncoding = 4; lastKnownFileType = sourcecode.c.objc; path = MoefmObject.m; sourceTree = "<group>"; };
		071E3BA81F6569980024B4FA /* MoefmSubUpload.h */ = {isa = PBXFileReference; fileEncoding = 4; lastKnownFileType = sourcecode.c.h; path = MoefmSubUpload.h; sourceTree = "<group>"; };
		071E3BA91F6569980024B4FA /* MoefmSubUpload.m */ = {isa = PBXFileReference; fileEncoding = 4; lastKnownFileType = sourcecode.c.objc; path = MoefmSubUpload.m; sourceTree = "<group>"; };
		071E3BAB1F6569BC0024B4FA /* MoefmSong.h */ = {isa = PBXFileReference; fileEncoding = 4; lastKnownFileType = sourcecode.c.h; path = MoefmSong.h; sourceTree = "<group>"; };
		071E3BAC1F6569BC0024B4FA /* MoefmSong.m */ = {isa = PBXFileReference; fileEncoding = 4; lastKnownFileType = sourcecode.c.objc; path = MoefmSong.m; sourceTree = "<group>"; };
		071E3BAE1F656A3D0024B4FA /* MoefmSongFavSub.h */ = {isa = PBXFileReference; fileEncoding = 4; lastKnownFileType = sourcecode.c.h; path = MoefmSongFavSub.h; sourceTree = "<group>"; };
		071E3BAF1F656A3D0024B4FA /* MoefmSongFavSub.m */ = {isa = PBXFileReference; fileEncoding = 4; lastKnownFileType = sourcecode.c.objc; path = MoefmSongFavSub.m; sourceTree = "<group>"; };
		071E3BB11F656A700024B4FA /* MoefmFavourite.h */ = {isa = PBXFileReference; fileEncoding = 4; lastKnownFileType = sourcecode.c.h; path = MoefmFavourite.h; sourceTree = "<group>"; };
		071E3BB41F656A980024B4FA /* MoefmFavourite.m */ = {isa = PBXFileReference; fileEncoding = 4; lastKnownFileType = sourcecode.c.objc; path = MoefmFavourite.m; sourceTree = "<group>"; };
		071E3BB91F656B440024B4FA /* MoefmFavSubUpload.h */ = {isa = PBXFileReference; fileEncoding = 4; lastKnownFileType = sourcecode.c.h; path = MoefmFavSubUpload.h; sourceTree = "<group>"; };
		071E3BBA1F656B440024B4FA /* MoefmFavSubUpload.m */ = {isa = PBXFileReference; fileEncoding = 4; lastKnownFileType = sourcecode.c.objc; path = MoefmFavSubUpload.m; sourceTree = "<group>"; };
		071E3BBC1F656B920024B4FA /* MoefmFavObject.h */ = {isa = PBXFileReference; fileEncoding = 4; lastKnownFileType = sourcecode.c.h; path = MoefmFavObject.h; sourceTree = "<group>"; };
		071E3BBD1F656B920024B4FA /* MoefmFavObject.m */ = {isa = PBXFileReference; fileEncoding = 4; lastKnownFileType = sourcecode.c.objc; path = MoefmFavObject.m; sourceTree = "<group>"; };
		071E3BBF1F6574CE0024B4FA /* MoeHomeViewController.h */ = {isa = PBXFileReference; fileEncoding = 4; lastKnownFileType = sourcecode.c.h; path = MoeHomeViewController.h; sourceTree = "<group>"; };
		071E3BC01F6574CE0024B4FA /* MoeHomeViewController.m */ = {isa = PBXFileReference; fileEncoding = 4; lastKnownFileType = sourcecode.c.objc; path = MoeHomeViewController.m; sourceTree = "<group>"; };
		071E3BC21F658CB10024B4FA /* HotRadioView.h */ = {isa = PBXFileReference; fileEncoding = 4; lastKnownFileType = sourcecode.c.h; path = HotRadioView.h; sourceTree = "<group>"; };
		071E3BC31F658CB10024B4FA /* HotRadioView.m */ = {isa = PBXFileReference; fileEncoding = 4; lastKnownFileType = sourcecode.c.objc; path = HotRadioView.m; sourceTree = "<group>"; };
		071E3BC51F658D220024B4FA /* HotAlbumView.h */ = {isa = PBXFileReference; fileEncoding = 4; lastKnownFileType = sourcecode.c.h; path = HotAlbumView.h; sourceTree = "<group>"; };
		071E3BC61F658D220024B4FA /* HotAlbumView.m */ = {isa = PBXFileReference; fileEncoding = 4; lastKnownFileType = sourcecode.c.objc; path = HotAlbumView.m; sourceTree = "<group>"; };
		071E3BC81F658E010024B4FA /* UserHeadPictureView.h */ = {isa = PBXFileReference; fileEncoding = 4; lastKnownFileType = sourcecode.c.h; path = UserHeadPictureView.h; sourceTree = "<group>"; };
		071E3BC91F658E010024B4FA /* UserHeadPictureView.m */ = {isa = PBXFileReference; fileEncoding = 4; lastKnownFileType = sourcecode.c.objc; path = UserHeadPictureView.m; sourceTree = "<group>"; };
		071E3BCB1F658F280024B4FA /* HomeFooterView.h */ = {isa = PBXFileReference; fileEncoding = 4; lastKnownFileType = sourcecode.c.h; path = HomeFooterView.h; sourceTree = "<group>"; };
		071E3BCC1F658F280024B4FA /* HomeFooterView.m */ = {isa = PBXFileReference; fileEncoding = 4; lastKnownFileType = sourcecode.c.objc; path = HomeFooterView.m; sourceTree = "<group>"; };
		071E3BCE1F658FBC0024B4FA /* HomeHeaderView.h */ = {isa = PBXFileReference; fileEncoding = 4; lastKnownFileType = sourcecode.c.h; path = HomeHeaderView.h; sourceTree = "<group>"; };
		071E3BCF1F658FBC0024B4FA /* HomeHeaderView.m */ = {isa = PBXFileReference; fileEncoding = 4; lastKnownFileType = sourcecode.c.objc; path = HomeHeaderView.m; sourceTree = "<group>"; };
		071E3BD11F659B4D0024B4FA /* nver.png */ = {isa = PBXFileReference; lastKnownFileType = image.png; path = nver.png; sourceTree = "<group>"; };
		071E3BD31F65A9140024B4FA /* SliderSettingView.h */ = {isa = PBXFileReference; fileEncoding = 4; lastKnownFileType = sourcecode.c.h; path = SliderSettingView.h; sourceTree = "<group>"; };
		071E3BD41F65A9140024B4FA /* SliderSettingView.m */ = {isa = PBXFileReference; fileEncoding = 4; lastKnownFileType = sourcecode.c.objc; path = SliderSettingView.m; sourceTree = "<group>"; };
		071E3BD61F65A9360024B4FA /* SliderSettingView.xib */ = {isa = PBXFileReference; fileEncoding = 4; lastKnownFileType = file.xib; path = SliderSettingView.xib; sourceTree = "<group>"; };
		072CAFD71F687E8F004C01F9 /* MoefmWikiCollectionViewCell.h */ = {isa = PBXFileReference; fileEncoding = 4; lastKnownFileType = sourcecode.c.h; path = MoefmWikiCollectionViewCell.h; sourceTree = "<group>"; };
		072CAFD81F687E8F004C01F9 /* MoefmWikiCollectionViewCell.m */ = {isa = PBXFileReference; fileEncoding = 4; lastKnownFileType = sourcecode.c.objc; path = MoefmWikiCollectionViewCell.m; sourceTree = "<group>"; };
		072CAFDF1F689011004C01F9 /* MoefmHotAlbumCollectionViewCell.h */ = {isa = PBXFileReference; fileEncoding = 4; lastKnownFileType = sourcecode.c.h; path = MoefmHotAlbumCollectionViewCell.h; sourceTree = "<group>"; };
		072CAFE01F689011004C01F9 /* MoefmHotAlbumCollectionViewCell.m */ = {isa = PBXFileReference; fileEncoding = 4; lastKnownFileType = sourcecode.c.objc; path = MoefmHotAlbumCollectionViewCell.m; sourceTree = "<group>"; };
		07419C6F1F5D45F5007779C0 /* welcomeBackground.png */ = {isa = PBXFileReference; lastKnownFileType = image.png; path = welcomeBackground.png; sourceTree = "<group>"; };
		07419C711F5D4647007779C0 /* WelcomeViewController.h */ = {isa = PBXFileReference; fileEncoding = 4; lastKnownFileType = sourcecode.c.h; path = WelcomeViewController.h; sourceTree = "<group>"; };
		07419C721F5D4647007779C0 /* WelcomeViewController.m */ = {isa = PBXFileReference; fileEncoding = 4; lastKnownFileType = sourcecode.c.objc; path = WelcomeViewController.m; sourceTree = "<group>"; };
		07419C741F5D59B4007779C0 /* Welcome.storyboard */ = {isa = PBXFileReference; fileEncoding = 4; lastKnownFileType = file.storyboard; path = Welcome.storyboard; sourceTree = "<group>"; };
		074900381F60647C008D990D /* head_background_img.png */ = {isa = PBXFileReference; lastKnownFileType = image.png; path = head_background_img.png; sourceTree = "<group>"; };
		074900391F60647C008D990D /* head_img.png */ = {isa = PBXFileReference; lastKnownFileType = image.png; path = head_img.png; sourceTree = "<group>"; };
		074CAAD21F5EDCB600AE1A81 /* PTResourceLoader.h */ = {isa = PBXFileReference; fileEncoding = 4; lastKnownFileType = sourcecode.c.h; path = PTResourceLoader.h; sourceTree = "<group>"; };
		074CAAD31F5EDCB600AE1A81 /* PTResourceLoader.m */ = {isa = PBXFileReference; fileEncoding = 4; lastKnownFileType = sourcecode.c.objc; path = PTResourceLoader.m; sourceTree = "<group>"; };
		074CAAD51F5EDDC700AE1A81 /* PTRequestTask.h */ = {isa = PBXFileReference; fileEncoding = 4; lastKnownFileType = sourcecode.c.h; path = PTRequestTask.h; sourceTree = "<group>"; };
		074CAAD61F5EDDC700AE1A81 /* PTRequestTask.m */ = {isa = PBXFileReference; fileEncoding = 4; lastKnownFileType = sourcecode.c.objc; path = PTRequestTask.m; sourceTree = "<group>"; };
		074CAAD81F5EDDE000AE1A81 /* PTFileHandle.h */ = {isa = PBXFileReference; fileEncoding = 4; lastKnownFileType = sourcecode.c.h; path = PTFileHandle.h; sourceTree = "<group>"; };
		074CAAD91F5EDDE000AE1A81 /* PTFileHandle.m */ = {isa = PBXFileReference; fileEncoding = 4; lastKnownFileType = sourcecode.c.objc; path = PTFileHandle.m; sourceTree = "<group>"; };
		074CAADC1F5EECA200AE1A81 /* NSURL+PTCollection.h */ = {isa = PBXFileReference; fileEncoding = 4; lastKnownFileType = sourcecode.c.h; path = "NSURL+PTCollection.h"; sourceTree = "<group>"; };
		074CAADD1F5EECA200AE1A81 /* NSURL+PTCollection.m */ = {isa = PBXFileReference; fileEncoding = 4; lastKnownFileType = sourcecode.c.objc; path = "NSURL+PTCollection.m"; sourceTree = "<group>"; };
		074CAADF1F5F362100AE1A81 /* ProjectOfMoeFM.entitlements */ = {isa = PBXFileReference; lastKnownFileType = text.plist.entitlements; path = ProjectOfMoeFM.entitlements; sourceTree = "<group>"; };
		074CCB0C1EAA42BB00BE2B83 /* PTPlayerManager.h */ = {isa = PBXFileReference; fileEncoding = 4; lastKnownFileType = sourcecode.c.h; path = PTPlayerManager.h; sourceTree = "<group>"; };
		074CCB0D1EAA42BB00BE2B83 /* PTPlayerManager.m */ = {isa = PBXFileReference; fileEncoding = 4; lastKnownFileType = sourcecode.c.objc; path = PTPlayerManager.m; sourceTree = "<group>"; };
		0761729E1F61170800F353C6 /* body_background_img_first.png */ = {isa = PBXFileReference; lastKnownFileType = image.png; path = body_background_img_first.png; sourceTree = "<group>"; };
		076172A21F61253400F353C6 /* body_background_img_second.png */ = {isa = PBXFileReference; lastKnownFileType = image.png; path = body_background_img_second.png; sourceTree = "<group>"; };
		076172A41F61293E00F353C6 /* moefm_logo_original.png */ = {isa = PBXFileReference; lastKnownFileType = image.png; path = moefm_logo_original.png; sourceTree = "<group>"; };
		076172A61F613DBE00F353C6 /* body_background_img_third.png */ = {isa = PBXFileReference; lastKnownFileType = image.png; path = body_background_img_third.png; sourceTree = "<group>"; };
		076172A81F614B7600F353C6 /* foot_background_img.png */ = {isa = PBXFileReference; lastKnownFileType = image.png; path = foot_background_img.png; sourceTree = "<group>"; };
		076172AA1F614F6B00F353C6 /* launch_image.png */ = {isa = PBXFileReference; lastKnownFileType = image.png; path = launch_image.png; sourceTree = "<group>"; };
		076172AC1F61530800F353C6 /* moefm_logo_home.png */ = {isa = PBXFileReference; lastKnownFileType = image.png; path = moefm_logo_home.png; sourceTree = "<group>"; };
		076172AE1F61532200F353C6 /* kotenbu_logo_home.png */ = {isa = PBXFileReference; lastKnownFileType = image.png; path = kotenbu_logo_home.png; sourceTree = "<group>"; };
		07670EA01E9E3DB50027E3EA /* RadioCollectionViewCell.h */ = {isa = PBXFileReference; fileEncoding = 4; lastKnownFileType = sourcecode.c.h; path = RadioCollectionViewCell.h; sourceTree = "<group>"; };
		07670EA11E9E3DB50027E3EA /* RadioCollectionViewCell.m */ = {isa = PBXFileReference; fileEncoding = 4; lastKnownFileType = sourcecode.c.objc; path = RadioCollectionViewCell.m; sourceTree = "<group>"; };
		07670EC91E9E8B780027E3EA /* cover_default_image.png */ = {isa = PBXFileReference; lastKnownFileType = image.png; path = cover_default_image.png; sourceTree = "<group>"; };
		07670ECB1E9E916C0027E3EA /* home_background_image.png */ = {isa = PBXFileReference; lastKnownFileType = image.png; path = home_background_image.png; sourceTree = "<group>"; };
		07670EEF1E9F7D3D0027E3EA /* RadioPlayListViewController.h */ = {isa = PBXFileReference; fileEncoding = 4; lastKnownFileType = sourcecode.c.h; path = RadioPlayListViewController.h; sourceTree = "<group>"; };
		07670EF01E9F7D3D0027E3EA /* RadioPlayListViewController.m */ = {isa = PBXFileReference; fileEncoding = 4; lastKnownFileType = sourcecode.c.objc; path = RadioPlayListViewController.m; sourceTree = "<group>"; };
		07670EF21E9F83390027E3EA /* RadioPlayListCell.h */ = {isa = PBXFileReference; fileEncoding = 4; lastKnownFileType = sourcecode.c.h; path = RadioPlayListCell.h; sourceTree = "<group>"; };
		07670EF31E9F83390027E3EA /* RadioPlayListCell.m */ = {isa = PBXFileReference; fileEncoding = 4; lastKnownFileType = sourcecode.c.objc; path = RadioPlayListCell.m; sourceTree = "<group>"; };
		07670EFD1E9F8ED40027E3EA /* MoefmAPIConst.h */ = {isa = PBXFileReference; fileEncoding = 4; lastKnownFileType = sourcecode.c.h; name = MoefmAPIConst.h; path = Main/MoefmAPIConst.h; sourceTree = "<group>"; };
		07670EFE1E9F8ED40027E3EA /* MoefmAPIConst.m */ = {isa = PBXFileReference; fileEncoding = 4; lastKnownFileType = sourcecode.c.objc; name = MoefmAPIConst.m; path = Main/MoefmAPIConst.m; sourceTree = "<group>"; };
		07670F0F1EA05A030027E3EA /* PTMusicPlayerBottomView.h */ = {isa = PBXFileReference; fileEncoding = 4; lastKnownFileType = sourcecode.c.h; name = PTMusicPlayerBottomView.h; path = Main/PTMusicPlayerBottomView.h; sourceTree = "<group>"; };
		07670F101EA05A030027E3EA /* PTMusicPlayerBottomView.m */ = {isa = PBXFileReference; fileEncoding = 4; lastKnownFileType = sourcecode.c.objc; name = PTMusicPlayerBottomView.m; path = Main/PTMusicPlayerBottomView.m; sourceTree = "<group>"; };
		07670F121EA05A250027E3EA /* PTMusicPlayerBottomView.xib */ = {isa = PBXFileReference; fileEncoding = 4; lastKnownFileType = file.xib; name = PTMusicPlayerBottomView.xib; path = Main/PTMusicPlayerBottomView.xib; sourceTree = "<group>"; };
		07670F141EA06D080027E3EA /* fav_no@2x.png */ = {isa = PBXFileReference; lastKnownFileType = image.png; path = "fav_no@2x.png"; sourceTree = "<group>"; };
		07670F151EA06D080027E3EA /* fav_yes@2x.png */ = {isa = PBXFileReference; lastKnownFileType = image.png; path = "fav_yes@2x.png"; sourceTree = "<group>"; };
		07670F161EA06D080027E3EA /* next@2x.png */ = {isa = PBXFileReference; lastKnownFileType = image.png; path = "next@2x.png"; sourceTree = "<group>"; };
		07670F171EA06D080027E3EA /* pause@2x.png */ = {isa = PBXFileReference; lastKnownFileType = image.png; path = "pause@2x.png"; sourceTree = "<group>"; };
		07670F181EA06D080027E3EA /* play@2x.png */ = {isa = PBXFileReference; lastKnownFileType = image.png; path = "play@2x.png"; sourceTree = "<group>"; };
		07670F1E1EA06DE60027E3EA /* dislike_no@2x.png */ = {isa = PBXFileReference; lastKnownFileType = image.png; path = "dislike_no@2x.png"; sourceTree = "<group>"; };
		07670F1F1EA06DE60027E3EA /* dislike_yes@2x.png */ = {isa = PBXFileReference; lastKnownFileType = image.png; path = "dislike_yes@2x.png"; sourceTree = "<group>"; };
		0768B46E1EBA1A3A00C8105D /* UIControl+PTFixMultiClick.h */ = {isa = PBXFileReference; fileEncoding = 4; lastKnownFileType = sourcecode.c.h; path = "UIControl+PTFixMultiClick.h"; sourceTree = "<group>"; };
		0768B46F1EBA1A3A00C8105D /* UIControl+PTFixMultiClick.m */ = {isa = PBXFileReference; fileEncoding = 4; lastKnownFileType = sourcecode.c.objc; path = "UIControl+PTFixMultiClick.m"; sourceTree = "<group>"; };
		0769F0B41EAF769C005EE315 /* MineViewController.h */ = {isa = PBXFileReference; fileEncoding = 4; lastKnownFileType = sourcecode.c.h; path = MineViewController.h; sourceTree = "<group>"; };
		0769F0B51EAF769C005EE315 /* MineViewController.m */ = {isa = PBXFileReference; fileEncoding = 4; lastKnownFileType = sourcecode.c.objc; path = MineViewController.m; sourceTree = "<group>"; };
		07AF8A2C1EC0E6BB008BD1B6 /* GTMDefines.h */ = {isa = PBXFileReference; lastKnownFileType = sourcecode.c.h; path = GTMDefines.h; sourceTree = "<group>"; };
		07AF8A2D1EC0E6D2008BD1B6 /* GTMNSString+HTML.h */ = {isa = PBXFileReference; fileEncoding = 4; lastKnownFileType = sourcecode.c.h; path = "GTMNSString+HTML.h"; sourceTree = "<group>"; };
		07AF8A2E1EC0E6D2008BD1B6 /* GTMNSString+HTML.m */ = {isa = PBXFileReference; fileEncoding = 4; lastKnownFileType = sourcecode.c.objc; path = "GTMNSString+HTML.m"; sourceTree = "<group>"; };
		07AF8A301EC0EFB2008BD1B6 /* MineTableViewCell.h */ = {isa = PBXFileReference; fileEncoding = 4; lastKnownFileType = sourcecode.c.h; name = MineTableViewCell.h; path = ProjectOfMoeFM/Main/Home/Model/MineTableViewCell.h; sourceTree = SOURCE_ROOT; };
		07AF8A311EC0EFB2008BD1B6 /* MineTableViewCell.m */ = {isa = PBXFileReference; fileEncoding = 4; lastKnownFileType = sourcecode.c.objc; name = MineTableViewCell.m; path = ProjectOfMoeFM/Main/Home/Model/MineTableViewCell.m; sourceTree = SOURCE_ROOT; };
		07B221EE1F67C9B00077585F /* SliderSettingHeaderView.h */ = {isa = PBXFileReference; fileEncoding = 4; lastKnownFileType = sourcecode.c.h; path = SliderSettingHeaderView.h; sourceTree = "<group>"; };
		07B221EF1F67C9B00077585F /* SliderSettingHeaderView.m */ = {isa = PBXFileReference; fileEncoding = 4; lastKnownFileType = sourcecode.c.objc; path = SliderSettingHeaderView.m; sourceTree = "<group>"; };
		07B221F11F67CA4B0077585F /* SliderSettingHeaderView.xib */ = {isa = PBXFileReference; fileEncoding = 4; lastKnownFileType = file.xib; path = SliderSettingHeaderView.xib; sourceTree = "<group>"; };
		07B221F31F67CA810077585F /* sliderHeader.png */ = {isa = PBXFileReference; lastKnownFileType = image.png; path = sliderHeader.png; sourceTree = "<group>"; };
		07B221F51F684DB90077585F /* magic_stick@2x.png */ = {isa = PBXFileReference; lastKnownFileType = image.png; path = "magic_stick@2x.png"; sourceTree = "<group>"; };
		07B8EE231EB798E100162868 /* CollectionSongsCell.h */ = {isa = PBXFileReference; fileEncoding = 4; lastKnownFileType = sourcecode.c.h; path = CollectionSongsCell.h; sourceTree = "<group>"; };
		07B8EE241EB798E100162868 /* CollectionSongsCell.m */ = {isa = PBXFileReference; fileEncoding = 4; lastKnownFileType = sourcecode.c.objc; path = CollectionSongsCell.m; sourceTree = "<group>"; };
		07BAD44E1E99FCF8009B6691 /* PTWebUtils.h */ = {isa = PBXFileReference; fileEncoding = 4; lastKnownFileType = sourcecode.c.h; name = PTWebUtils.h; path = Main/PTWebUtils.h; sourceTree = "<group>"; };
		07BAD44F1E99FCF8009B6691 /* PTWebUtils.m */ = {isa = PBXFileReference; fileEncoding = 4; lastKnownFileType = sourcecode.c.objc; name = PTWebUtils.m; path = Main/PTWebUtils.m; sourceTree = "<group>"; };
		07BAD4601E9BC423009B6691 /* OAuthViewController.h */ = {isa = PBXFileReference; fileEncoding = 4; lastKnownFileType = sourcecode.c.h; name = OAuthViewController.h; path = Main/OAuthViewController.h; sourceTree = "<group>"; };
		07BAD4611E9BC423009B6691 /* OAuthViewController.m */ = {isa = PBXFileReference; fileEncoding = 4; lastKnownFileType = sourcecode.c.objc; name = OAuthViewController.m; path = Main/OAuthViewController.m; sourceTree = "<group>"; };
		07DFD5661ED4BD3F003B6A93 /* RegisterViewController.h */ = {isa = PBXFileReference; fileEncoding = 4; lastKnownFileType = sourcecode.c.h; path = RegisterViewController.h; sourceTree = "<group>"; };
		07DFD5671ED4BD3F003B6A93 /* RegisterViewController.m */ = {isa = PBXFileReference; fileEncoding = 4; lastKnownFileType = sourcecode.c.objc; path = RegisterViewController.m; sourceTree = "<group>"; };
		07E7B6141E9D0C27004C9CF1 /* NSString+PTCollection.h */ = {isa = PBXFileReference; fileEncoding = 4; lastKnownFileType = sourcecode.c.h; name = "NSString+PTCollection.h"; path = "PTOAuthTool/NSString+PTCollection.h"; sourceTree = "<group>"; };
		07E7B6151E9D0C27004C9CF1 /* NSString+PTCollection.m */ = {isa = PBXFileReference; fileEncoding = 4; lastKnownFileType = sourcecode.c.objc; name = "NSString+PTCollection.m"; path = "PTOAuthTool/NSString+PTCollection.m"; sourceTree = "<group>"; };
		07E7B6161E9D0C27004C9CF1 /* PTOAuthModel.h */ = {isa = PBXFileReference; fileEncoding = 4; lastKnownFileType = sourcecode.c.h; path = PTOAuthModel.h; sourceTree = "<group>"; };
		07E7B6171E9D0C27004C9CF1 /* PTOAuthModel.m */ = {isa = PBXFileReference; fileEncoding = 4; lastKnownFileType = sourcecode.c.objc; path = PTOAuthModel.m; sourceTree = "<group>"; };
		07E7B6181E9D0C27004C9CF1 /* PTOAuthTool.h */ = {isa = PBXFileReference; fileEncoding = 4; lastKnownFileType = sourcecode.c.h; path = PTOAuthTool.h; sourceTree = "<group>"; };
		07E7B6191E9D0C27004C9CF1 /* PTOAuthTool.m */ = {isa = PBXFileReference; fileEncoding = 4; lastKnownFileType = sourcecode.c.objc; path = PTOAuthTool.m; sourceTree = "<group>"; };
		07FEF30E1E99018A00F6AC3B /* ProjectOfMoeFM.app */ = {isa = PBXFileReference; explicitFileType = wrapper.application; includeInIndex = 0; path = ProjectOfMoeFM.app; sourceTree = BUILT_PRODUCTS_DIR; };
		07FEF3121E99018A00F6AC3B /* main.m */ = {isa = PBXFileReference; lastKnownFileType = sourcecode.c.objc; path = main.m; sourceTree = "<group>"; };
		07FEF31B1E99018A00F6AC3B /* Base */ = {isa = PBXFileReference; lastKnownFileType = file.storyboard; name = Base; path = Base.lproj/Main.storyboard; sourceTree = "<group>"; };
		07FEF31D1E99018A00F6AC3B /* Assets.xcassets */ = {isa = PBXFileReference; lastKnownFileType = folder.assetcatalog; path = Assets.xcassets; sourceTree = "<group>"; };
		07FEF3201E99018A00F6AC3B /* Base */ = {isa = PBXFileReference; lastKnownFileType = file.storyboard; name = Base; path = Base.lproj/LaunchScreen.storyboard; sourceTree = "<group>"; };
		07FEF3221E99018A00F6AC3B /* Info.plist */ = {isa = PBXFileReference; lastKnownFileType = text.plist.xml; path = Info.plist; sourceTree = "<group>"; };
		07FEF3441E99099600F6AC3B /* AlbumViewController.h */ = {isa = PBXFileReference; fileEncoding = 4; lastKnownFileType = sourcecode.c.h; path = AlbumViewController.h; sourceTree = "<group>"; };
		07FEF3451E99099600F6AC3B /* AlbumViewController.m */ = {isa = PBXFileReference; fileEncoding = 4; lastKnownFileType = sourcecode.c.objc; path = AlbumViewController.m; sourceTree = "<group>"; };
		07FEF34C1E99099600F6AC3B /* CollectionViewController.h */ = {isa = PBXFileReference; fileEncoding = 4; lastKnownFileType = sourcecode.c.h; path = CollectionViewController.h; sourceTree = "<group>"; };
		07FEF34D1E99099600F6AC3B /* CollectionViewController.m */ = {isa = PBXFileReference; fileEncoding = 4; lastKnownFileType = sourcecode.c.objc; path = CollectionViewController.m; sourceTree = "<group>"; };
		07FEF3521E99099600F6AC3B /* HomeViewController.h */ = {isa = PBXFileReference; fileEncoding = 4; lastKnownFileType = sourcecode.c.h; path = HomeViewController.h; sourceTree = "<group>"; };
		07FEF3531E99099600F6AC3B /* HomeViewController.m */ = {isa = PBXFileReference; fileEncoding = 4; lastKnownFileType = sourcecode.c.objc; path = HomeViewController.m; sourceTree = "<group>"; };
		07FEF3561E99099600F6AC3B /* MainTabBarController.h */ = {isa = PBXFileReference; fileEncoding = 4; lastKnownFileType = sourcecode.c.h; path = MainTabBarController.h; sourceTree = "<group>"; };
		07FEF3571E99099600F6AC3B /* MainTabBarController.m */ = {isa = PBXFileReference; fileEncoding = 4; lastKnownFileType = sourcecode.c.objc; path = MainTabBarController.m; sourceTree = "<group>"; };
		07FEF3641E9909FB00F6AC3B /* PodFile */ = {isa = PBXFileReference; fileEncoding = 4; lastKnownFileType = text; path = PodFile; sourceTree = "<group>"; xcLanguageSpecificationIdentifier = xcode.lang.ruby; };
		07FEF3661E990F8500F6AC3B /* AppDelegate.h */ = {isa = PBXFileReference; fileEncoding = 4; lastKnownFileType = sourcecode.c.h; path = AppDelegate.h; sourceTree = "<group>"; };
		07FEF3671E990F8500F6AC3B /* AppDelegate.m */ = {isa = PBXFileReference; fileEncoding = 4; lastKnownFileType = sourcecode.c.objc; path = AppDelegate.m; sourceTree = "<group>"; };
		14B1279463BEC9D4A4938733 /* Pods-ProjectOfMoeFM.debug.xcconfig */ = {isa = PBXFileReference; includeInIndex = 1; lastKnownFileType = text.xcconfig; name = "Pods-ProjectOfMoeFM.debug.xcconfig"; path = "Pods/Target Support Files/Pods-ProjectOfMoeFM/Pods-ProjectOfMoeFM.debug.xcconfig"; sourceTree = "<group>"; };
		14F721D7A992BC45F496DDD3 /* Pods-ProjectOfMoeFM.release.xcconfig */ = {isa = PBXFileReference; includeInIndex = 1; lastKnownFileType = text.xcconfig; name = "Pods-ProjectOfMoeFM.release.xcconfig"; path = "Pods/Target Support Files/Pods-ProjectOfMoeFM/Pods-ProjectOfMoeFM.release.xcconfig"; sourceTree = "<group>"; };
		5CE97BC1DFD5452A0EC3D77D /* libPods-ProjectOfMoeFM.a */ = {isa = PBXFileReference; explicitFileType = archive.ar; includeInIndex = 0; path = "libPods-ProjectOfMoeFM.a"; sourceTree = BUILT_PRODUCTS_DIR; };
/* End PBXFileReference section */

/* Begin PBXFrameworksBuildPhase section */
		07FEF30B1E99018A00F6AC3B /* Frameworks */ = {
			isa = PBXFrameworksBuildPhase;
			buildActionMask = 2147483647;
			files = (
				AD2C4EDC213B5E911500E7B1 /* libPods-ProjectOfMoeFM.a in Frameworks */,
			);
			runOnlyForDeploymentPostprocessing = 0;
		};
/* End PBXFrameworksBuildPhase section */

/* Begin PBXGroup section */
		071C0A561EA4A4DC0022C709 /* view */ = {
			isa = PBXGroup;
			children = (
				07670F0F1EA05A030027E3EA /* PTMusicPlayerBottomView.h */,
				07670F101EA05A030027E3EA /* PTMusicPlayerBottomView.m */,
				07670F121EA05A250027E3EA /* PTMusicPlayerBottomView.xib */,
			);
			name = view;
			sourceTree = "<group>";
		};
		071C0A571EA4A4DF0022C709 /* Model */ = {
			isa = PBXGroup;
			children = (
				071C0A521EA394650022C709 /* PlayerData.h */,
				071C0A531EA394650022C709 /* PlayerData.m */,
			);
			name = Model;
			sourceTree = "<group>";
		};
		071C0A581EA4A4E10022C709 /* Controller */ = {
			isa = PBXGroup;
			children = (
				07BAD4601E9BC423009B6691 /* OAuthViewController.h */,
				07BAD4611E9BC423009B6691 /* OAuthViewController.m */,
				07DFD5661ED4BD3F003B6A93 /* RegisterViewController.h */,
				07DFD5671ED4BD3F003B6A93 /* RegisterViewController.m */,
				07419C711F5D4647007779C0 /* WelcomeViewController.h */,
				07419C721F5D4647007779C0 /* WelcomeViewController.m */,
			);
			name = Controller;
			sourceTree = "<group>";
		};
		071C0A681EA592B60022C709 /* Favs */ = {
			isa = PBXGroup;
			children = (
				071E3BB11F656A700024B4FA /* MoefmFavourite.h */,
				071E3BB41F656A980024B4FA /* MoefmFavourite.m */,
				071E3BBC1F656B920024B4FA /* MoefmFavObject.h */,
				071E3BBD1F656B920024B4FA /* MoefmFavObject.m */,
				071E3BB91F656B440024B4FA /* MoefmFavSubUpload.h */,
				071E3BBA1F656B440024B4FA /* MoefmFavSubUpload.m */,
			);
			name = Favs;
			sourceTree = "<group>";
		};
		071C0A961EA5AAAC0022C709 /* moefmicon */ = {
			isa = PBXGroup;
			children = (
				071C0A971EA5AAAC0022C709 /* icon_120X120.png */,
				071C0A981EA5AAAC0022C709 /* icon_180X180.png */,
				071C0A991EA5AAAC0022C709 /* icon_40X40.png */,
				071C0A9A1EA5AAAC0022C709 /* icon_58X58.png */,
				071C0A9B1EA5AAAC0022C709 /* icon_60X60.png */,
				071C0A9C1EA5AAAC0022C709 /* icon_80X80.png */,
				071C0A9D1EA5AAAC0022C709 /* icon_87X87.png */,
			);
			path = moefmicon;
			sourceTree = "<group>";
		};
		074900371F60647C008D990D /* testimage */ = {
			isa = PBXGroup;
			children = (
				0761729E1F61170800F353C6 /* body_background_img_first.png */,
				074900381F60647C008D990D /* head_background_img.png */,
				074900391F60647C008D990D /* head_img.png */,
				07B221F51F684DB90077585F /* magic_stick@2x.png */,
				076172A21F61253400F353C6 /* body_background_img_second.png */,
				076172A41F61293E00F353C6 /* moefm_logo_original.png */,
				076172A61F613DBE00F353C6 /* body_background_img_third.png */,
				076172A81F614B7600F353C6 /* foot_background_img.png */,
				076172AC1F61530800F353C6 /* moefm_logo_home.png */,
				076172AE1F61532200F353C6 /* kotenbu_logo_home.png */,
				071E3BD11F659B4D0024B4FA /* nver.png */,
				07B221F31F67CA810077585F /* sliderHeader.png */,
			);
			path = testimage;
			sourceTree = "<group>";
		};
		074CAADB1F5EE4F700AE1A81 /* Player */ = {
			isa = PBXGroup;
			children = (
				074CCB0C1EAA42BB00BE2B83 /* PTPlayerManager.h */,
				074CCB0D1EAA42BB00BE2B83 /* PTPlayerManager.m */,
				074CAAD21F5EDCB600AE1A81 /* PTResourceLoader.h */,
				074CAAD31F5EDCB600AE1A81 /* PTResourceLoader.m */,
				074CAAD51F5EDDC700AE1A81 /* PTRequestTask.h */,
				074CAAD61F5EDDC700AE1A81 /* PTRequestTask.m */,
				074CAAD81F5EDDE000AE1A81 /* PTFileHandle.h */,
				074CAAD91F5EDDE000AE1A81 /* PTFileHandle.m */,
			);
			name = Player;
			sourceTree = "<group>";
		};
		07670EC71E9E8B780027E3EA /* Resource */ = {
			isa = PBXGroup;
			children = (
				07670EC81E9E8B780027E3EA /* Pictures */,
			);
			path = Resource;
			sourceTree = "<group>";
		};
		07670EC81E9E8B780027E3EA /* Pictures */ = {
			isa = PBXGroup;
			children = (
				071C0A961EA5AAAC0022C709 /* moefmicon */,
				07670EC91E9E8B780027E3EA /* cover_default_image.png */,
				076172AA1F614F6B00F353C6 /* launch_image.png */,
				07670ECB1E9E916C0027E3EA /* home_background_image.png */,
				07670F141EA06D080027E3EA /* fav_no@2x.png */,
				07670F151EA06D080027E3EA /* fav_yes@2x.png */,
				07670F161EA06D080027E3EA /* next@2x.png */,
				07670F171EA06D080027E3EA /* pause@2x.png */,
				07670F181EA06D080027E3EA /* play@2x.png */,
				07670F1E1EA06DE60027E3EA /* dislike_no@2x.png */,
				07670F1F1EA06DE60027E3EA /* dislike_yes@2x.png */,
				07419C6F1F5D45F5007779C0 /* welcomeBackground.png */,
			);
			path = Pictures;
			sourceTree = "<group>";
		};
		07670ED61E9E9CB60027E3EA /* Wikis */ = {
			isa = PBXGroup;
			children = (
				071E3B9F1F6568E50024B4FA /* MoefmWiki.h */,
				071E3BA01F6568E50024B4FA /* MoefmWiki.m */,
			);
			name = Wikis;
			sourceTree = "<group>";
		};
		07670ED71E9E9CFA0027E3EA /* Relationships */ = {
			isa = PBXGroup;
			children = (
				071E3BA21F65692A0024B4FA /* MoefmRelationships.h */,
				071E3BA31F65692A0024B4FA /* MoefmRelationships.m */,
				071E3BA51F6569620024B4FA /* MoefmObject.h */,
				071E3BA61F6569620024B4FA /* MoefmObject.m */,
				071E3BA81F6569980024B4FA /* MoefmSubUpload.h */,
				071E3BA91F6569980024B4FA /* MoefmSubUpload.m */,
			);
			name = Relationships;
			sourceTree = "<group>";
		};
		07670ED81E9E9D550027E3EA /* Infomation */ = {
			isa = PBXGroup;
			children = (
				071E3B991F65685E0024B4FA /* MoefmInformation.h */,
				071E3B9A1F65685E0024B4FA /* MoefmInformation.m */,
				071E3B9C1F6568A30024B4FA /* MoefmParameters.h */,
				071E3B9D1F6568A30024B4FA /* MoefmParameters.m */,
			);
			name = Infomation;
			sourceTree = "<group>";
		};
		07670EDC1E9F2D4F0027E3EA /* Playlist */ = {
			isa = PBXGroup;
			children = (
				071E3BAB1F6569BC0024B4FA /* MoefmSong.h */,
				071E3BAC1F6569BC0024B4FA /* MoefmSong.m */,
				071E3BAE1F656A3D0024B4FA /* MoefmSongFavSub.h */,
				071E3BAF1F656A3D0024B4FA /* MoefmSongFavSub.m */,
			);
			name = Playlist;
			sourceTree = "<group>";
		};
		0769F0A91EAF7473005EE315 /* User */ = {
			isa = PBXGroup;
			children = (
				071E3B961F6567EA0024B4FA /* MoefmUser.h */,
				071E3B971F6567EA0024B4FA /* MoefmUser.m */,
			);
			name = User;
			sourceTree = "<group>";
		};
		0769F0AA1EAF74B4005EE315 /* Mine */ = {
			isa = PBXGroup;
			children = (
				0769F0AB1EAF74B4005EE315 /* Controller */,
				0769F0AE1EAF74B4005EE315 /* Model */,
				0769F0AF1EAF74B4005EE315 /* View */,
			);
			path = Mine;
			sourceTree = "<group>";
		};
		0769F0AB1EAF74B4005EE315 /* Controller */ = {
			isa = PBXGroup;
			children = (
				0769F0B41EAF769C005EE315 /* MineViewController.h */,
				0769F0B51EAF769C005EE315 /* MineViewController.m */,
			);
			path = Controller;
			sourceTree = "<group>";
		};
		0769F0AE1EAF74B4005EE315 /* Model */ = {
			isa = PBXGroup;
			children = (
			);
			path = Model;
			sourceTree = "<group>";
		};
		0769F0AF1EAF74B4005EE315 /* View */ = {
			isa = PBXGroup;
			children = (
				07AF8A301EC0EFB2008BD1B6 /* MineTableViewCell.h */,
				07AF8A311EC0EFB2008BD1B6 /* MineTableViewCell.m */,
			);
			path = View;
			sourceTree = "<group>";
		};
		07B8EE631EB91F3B00162868 /* ToolsAndCategory */ = {
			isa = PBXGroup;
			children = (
				07AF8A2C1EC0E6BB008BD1B6 /* GTMDefines.h */,
				07AF8A2D1EC0E6D2008BD1B6 /* GTMNSString+HTML.h */,
				07AF8A2E1EC0E6D2008BD1B6 /* GTMNSString+HTML.m */,
				0768B46E1EBA1A3A00C8105D /* UIControl+PTFixMultiClick.h */,
				0768B46F1EBA1A3A00C8105D /* UIControl+PTFixMultiClick.m */,
				07E7B6141E9D0C27004C9CF1 /* NSString+PTCollection.h */,
				07E7B6151E9D0C27004C9CF1 /* NSString+PTCollection.m */,
				074CAADC1F5EECA200AE1A81 /* NSURL+PTCollection.h */,
				074CAADD1F5EECA200AE1A81 /* NSURL+PTCollection.m */,
				07670EFD1E9F8ED40027E3EA /* MoefmAPIConst.h */,
				07670EFE1E9F8ED40027E3EA /* MoefmAPIConst.m */,
				07BAD44E1E99FCF8009B6691 /* PTWebUtils.h */,
				07BAD44F1E99FCF8009B6691 /* PTWebUtils.m */,
			);
			name = ToolsAndCategory;
			sourceTree = "<group>";
		};
		07B8EE641EB91F6900162868 /* Response */ = {
			isa = PBXGroup;
			children = (
				071E3B931F6567A70024B4FA /* MoefmResponse.h */,
				071E3B941F6567A70024B4FA /* MoefmResponse.m */,
			);
			name = Response;
			sourceTree = "<group>";
		};
		07B8EE651EB91F7C00162868 /* JSON */ = {
			isa = PBXGroup;
			children = (
				07B8EE641EB91F6900162868 /* Response */,
				0769F0A91EAF7473005EE315 /* User */,
				07670ED81E9E9D550027E3EA /* Infomation */,
				07670ED61E9E9CB60027E3EA /* Wikis */,
				07670ED71E9E9CFA0027E3EA /* Relationships */,
				07670EDC1E9F2D4F0027E3EA /* Playlist */,
				071C0A681EA592B60022C709 /* Favs */,
			);
			name = JSON;
			path = Main/Home/Model;
			sourceTree = "<group>";
		};
		07E7B6131E9D0C27004C9CF1 /* PTOAuthTool */ = {
			isa = PBXGroup;
			children = (
				07E7B6181E9D0C27004C9CF1 /* PTOAuthTool.h */,
				07E7B6191E9D0C27004C9CF1 /* PTOAuthTool.m */,
				07E7B6161E9D0C27004C9CF1 /* PTOAuthModel.h */,
				07E7B6171E9D0C27004C9CF1 /* PTOAuthModel.m */,
			);
			path = PTOAuthTool;
			sourceTree = "<group>";
		};
		07FEF3051E99018A00F6AC3B = {
			isa = PBXGroup;
			children = (
				07FEF3641E9909FB00F6AC3B /* PodFile */,
				07FEF3101E99018A00F6AC3B /* ProjectOfMoeFM */,
				07FEF30F1E99018A00F6AC3B /* Products */,
				4EA6FB0DF28AD30D6EC93689 /* Pods */,
				6BFEA8E5191C42670C73C069 /* Frameworks */,
			);
			sourceTree = "<group>";
		};
		07FEF30F1E99018A00F6AC3B /* Products */ = {
			isa = PBXGroup;
			children = (
				07FEF30E1E99018A00F6AC3B /* ProjectOfMoeFM.app */,
			);
			name = Products;
			sourceTree = "<group>";
		};
		07FEF3101E99018A00F6AC3B /* ProjectOfMoeFM */ = {
			isa = PBXGroup;
			children = (
				074CAADF1F5F362100AE1A81 /* ProjectOfMoeFM.entitlements */,
				07FEF3661E990F8500F6AC3B /* AppDelegate.h */,
				07FEF3671E990F8500F6AC3B /* AppDelegate.m */,
				074CAADB1F5EE4F700AE1A81 /* Player */,
				071C0A581EA4A4E10022C709 /* Controller */,
				071C0A571EA4A4DF0022C709 /* Model */,
				071C0A561EA4A4DC0022C709 /* view */,
				07B8EE631EB91F3B00162868 /* ToolsAndCategory */,
				07B8EE651EB91F7C00162868 /* JSON */,
				07FEF3411E99099600F6AC3B /* Main */,
				07E7B6131E9D0C27004C9CF1 /* PTOAuthTool */,
				07670EC71E9E8B780027E3EA /* Resource */,
				074900371F60647C008D990D /* testimage */,
				07FEF31A1E99018A00F6AC3B /* Main.storyboard */,
				07419C741F5D59B4007779C0 /* Welcome.storyboard */,
				07FEF31D1E99018A00F6AC3B /* Assets.xcassets */,
				07FEF31F1E99018A00F6AC3B /* LaunchScreen.storyboard */,
				07FEF3221E99018A00F6AC3B /* Info.plist */,
				07FEF3111E99018A00F6AC3B /* Supporting Files */,
			);
			path = ProjectOfMoeFM;
			sourceTree = "<group>";
		};
		07FEF3111E99018A00F6AC3B /* Supporting Files */ = {
			isa = PBXGroup;
			children = (
				07FEF3121E99018A00F6AC3B /* main.m */,
			);
			name = "Supporting Files";
			sourceTree = "<group>";
		};
		07FEF3411E99099600F6AC3B /* Main */ = {
			isa = PBXGroup;
			children = (
				07FEF3561E99099600F6AC3B /* MainTabBarController.h */,
				07FEF3571E99099600F6AC3B /* MainTabBarController.m */,
				07FEF3501E99099600F6AC3B /* Home */,
				07FEF3421E99099600F6AC3B /* Album */,
				07FEF34A1E99099600F6AC3B /* Collection */,
				0769F0AA1EAF74B4005EE315 /* Mine */,
			);
			path = Main;
			sourceTree = "<group>";
		};
		07FEF3421E99099600F6AC3B /* Album */ = {
			isa = PBXGroup;
			children = (
				07FEF3431E99099600F6AC3B /* Controller */,
				07FEF3461E99099600F6AC3B /* Model */,
				07FEF3471E99099600F6AC3B /* View */,
			);
			path = Album;
			sourceTree = "<group>";
		};
		07FEF3431E99099600F6AC3B /* Controller */ = {
			isa = PBXGroup;
			children = (
				07FEF3441E99099600F6AC3B /* AlbumViewController.h */,
				07FEF3451E99099600F6AC3B /* AlbumViewController.m */,
			);
			path = Controller;
			sourceTree = "<group>";
		};
		07FEF3461E99099600F6AC3B /* Model */ = {
			isa = PBXGroup;
			children = (
			);
			path = Model;
			sourceTree = "<group>";
		};
		07FEF3471E99099600F6AC3B /* View */ = {
			isa = PBXGroup;
			children = (
			);
			path = View;
			sourceTree = "<group>";
		};
		07FEF34A1E99099600F6AC3B /* Collection */ = {
			isa = PBXGroup;
			children = (
				07FEF34B1E99099600F6AC3B /* Controller */,
				07FEF34E1E99099600F6AC3B /* Model */,
				07FEF34F1E99099600F6AC3B /* View */,
			);
			path = Collection;
			sourceTree = "<group>";
		};
		07FEF34B1E99099600F6AC3B /* Controller */ = {
			isa = PBXGroup;
			children = (
				07FEF34C1E99099600F6AC3B /* CollectionViewController.h */,
				07FEF34D1E99099600F6AC3B /* CollectionViewController.m */,
			);
			path = Controller;
			sourceTree = "<group>";
		};
		07FEF34E1E99099600F6AC3B /* Model */ = {
			isa = PBXGroup;
			children = (
			);
			path = Model;
			sourceTree = "<group>";
		};
		07FEF34F1E99099600F6AC3B /* View */ = {
			isa = PBXGroup;
			children = (
				07B8EE231EB798E100162868 /* CollectionSongsCell.h */,
				07B8EE241EB798E100162868 /* CollectionSongsCell.m */,
			);
			path = View;
			sourceTree = "<group>";
		};
		07FEF3501E99099600F6AC3B /* Home */ = {
			isa = PBXGroup;
			children = (
				07FEF3511E99099600F6AC3B /* Controller */,
				07FEF3541E99099600F6AC3B /* Model */,
				07FEF3551E99099600F6AC3B /* View */,
			);
			path = Home;
			sourceTree = "<group>";
		};
		07FEF3511E99099600F6AC3B /* Controller */ = {
			isa = PBXGroup;
			children = (
				07FEF3521E99099600F6AC3B /* HomeViewController.h */,
				07FEF3531E99099600F6AC3B /* HomeViewController.m */,
				071E3BBF1F6574CE0024B4FA /* MoeHomeViewController.h */,
				071E3BC01F6574CE0024B4FA /* MoeHomeViewController.m */,
				07670EEF1E9F7D3D0027E3EA /* RadioPlayListViewController.h */,
				07670EF01E9F7D3D0027E3EA /* RadioPlayListViewController.m */,
			);
			path = Controller;
			sourceTree = "<group>";
		};
		07FEF3541E99099600F6AC3B /* Model */ = {
			isa = PBXGroup;
			children = (
			);
			path = Model;
			sourceTree = "<group>";
		};
		07FEF3551E99099600F6AC3B /* View */ = {
			isa = PBXGroup;
			children = (
				07670EA01E9E3DB50027E3EA /* RadioCollectionViewCell.h */,
				07670EA11E9E3DB50027E3EA /* RadioCollectionViewCell.m */,
				07670EF21E9F83390027E3EA /* RadioPlayListCell.h */,
				07670EF31E9F83390027E3EA /* RadioPlayListCell.m */,
				071E3BCE1F658FBC0024B4FA /* HomeHeaderView.h */,
				071E3BCF1F658FBC0024B4FA /* HomeHeaderView.m */,
				071E3BC81F658E010024B4FA /* UserHeadPictureView.h */,
				071E3BC91F658E010024B4FA /* UserHeadPictureView.m */,
				071E3BC21F658CB10024B4FA /* HotRadioView.h */,
				071E3BC31F658CB10024B4FA /* HotRadioView.m */,
				072CAFD71F687E8F004C01F9 /* MoefmWikiCollectionViewCell.h */,
				072CAFD81F687E8F004C01F9 /* MoefmWikiCollectionViewCell.m */,
				071E3BC51F658D220024B4FA /* HotAlbumView.h */,
				071E3BC61F658D220024B4FA /* HotAlbumView.m */,
				072CAFDF1F689011004C01F9 /* MoefmHotAlbumCollectionViewCell.h */,
				072CAFE01F689011004C01F9 /* MoefmHotAlbumCollectionViewCell.m */,
				071E3BCB1F658F280024B4FA /* HomeFooterView.h */,
				071E3BCC1F658F280024B4FA /* HomeFooterView.m */,
				071E3BD31F65A9140024B4FA /* SliderSettingView.h */,
				071E3BD41F65A9140024B4FA /* SliderSettingView.m */,
				071E3BD61F65A9360024B4FA /* SliderSettingView.xib */,
				07B221EE1F67C9B00077585F /* SliderSettingHeaderView.h */,
				07B221EF1F67C9B00077585F /* SliderSettingHeaderView.m */,
				07B221F11F67CA4B0077585F /* SliderSettingHeaderView.xib */,
			);
			path = View;
			sourceTree = "<group>";
		};
		4EA6FB0DF28AD30D6EC93689 /* Pods */ = {
			isa = PBXGroup;
			children = (
				14B1279463BEC9D4A4938733 /* Pods-ProjectOfMoeFM.debug.xcconfig */,
				14F721D7A992BC45F496DDD3 /* Pods-ProjectOfMoeFM.release.xcconfig */,
			);
			name = Pods;
			sourceTree = "<group>";
		};
		6BFEA8E5191C42670C73C069 /* Frameworks */ = {
			isa = PBXGroup;
			children = (
				5CE97BC1DFD5452A0EC3D77D /* libPods-ProjectOfMoeFM.a */,
			);
			name = Frameworks;
			sourceTree = "<group>";
		};
/* End PBXGroup section */

/* Begin PBXNativeTarget section */
		07FEF30D1E99018A00F6AC3B /* ProjectOfMoeFM */ = {
			isa = PBXNativeTarget;
			buildConfigurationList = 07FEF3251E99018A00F6AC3B /* Build configuration list for PBXNativeTarget "ProjectOfMoeFM" */;
			buildPhases = (
				8A7CE868DBC887C183B2B907 /* [CP] Check Pods Manifest.lock */,
				07FEF30A1E99018A00F6AC3B /* Sources */,
				07FEF30B1E99018A00F6AC3B /* Frameworks */,
				07FEF30C1E99018A00F6AC3B /* Resources */,
				53E559CE3AB63647EDB9CCF6 /* [CP] Embed Pods Frameworks */,
				FB135DB5949F99279B9F2239 /* [CP] Copy Pods Resources */,
			);
			buildRules = (
			);
			dependencies = (
			);
			name = ProjectOfMoeFM;
			productName = ProjectOfMoeFM;
			productReference = 07FEF30E1E99018A00F6AC3B /* ProjectOfMoeFM.app */;
			productType = "com.apple.product-type.application";
		};
/* End PBXNativeTarget section */

/* Begin PBXProject section */
		07FEF3061E99018A00F6AC3B /* Project object */ = {
			isa = PBXProject;
			attributes = {
				LastUpgradeCheck = 0830;
				ORGANIZATIONNAME = "彭平军";
				TargetAttributes = {
					07FEF30D1E99018A00F6AC3B = {
						CreatedOnToolsVersion = 8.3.1;
						DevelopmentTeam = ZH9AQ2F24G;
						ProvisioningStyle = Manual;
						SystemCapabilities = {
							com.apple.BackgroundModes = {
								enabled = 1;
							};
							com.apple.Push = {
								enabled = 1;
							};
						};
					};
				};
			};
			buildConfigurationList = 07FEF3091E99018A00F6AC3B /* Build configuration list for PBXProject "ProjectOfMoeFM" */;
			compatibilityVersion = "Xcode 3.2";
			developmentRegion = English;
			hasScannedForEncodings = 0;
			knownRegions = (
				en,
				Base,
			);
			mainGroup = 07FEF3051E99018A00F6AC3B;
			productRefGroup = 07FEF30F1E99018A00F6AC3B /* Products */;
			projectDirPath = "";
			projectRoot = "";
			targets = (
				07FEF30D1E99018A00F6AC3B /* ProjectOfMoeFM */,
			);
		};
/* End PBXProject section */

/* Begin PBXResourcesBuildPhase section */
		07FEF30C1E99018A00F6AC3B /* Resources */ = {
			isa = PBXResourcesBuildPhase;
			buildActionMask = 2147483647;
			files = (
				076172AB1F614F6B00F353C6 /* launch_image.png in Resources */,
				07419C701F5D45F5007779C0 /* welcomeBackground.png in Resources */,
				071C0AA31EA5AAAC0022C709 /* icon_80X80.png in Resources */,
				07670ECC1E9E916C0027E3EA /* home_background_image.png in Resources */,
				076172A31F61253400F353C6 /* body_background_img_second.png in Resources */,
				07B221F21F67CA4B0077585F /* SliderSettingHeaderView.xib in Resources */,
				07419C751F5D59B4007779C0 /* Welcome.storyboard in Resources */,
				071C0AA21EA5AAAC0022C709 /* icon_60X60.png in Resources */,
				071C0AA01EA5AAAC0022C709 /* icon_40X40.png in Resources */,
				07FEF3211E99018A00F6AC3B /* LaunchScreen.storyboard in Resources */,
				07B221F41F67CA810077585F /* sliderHeader.png in Resources */,
				07670F1D1EA06D080027E3EA /* play@2x.png in Resources */,
				07670F1A1EA06D080027E3EA /* fav_yes@2x.png in Resources */,
				07FEF31E1E99018A00F6AC3B /* Assets.xcassets in Resources */,
				07670F211EA06DE60027E3EA /* dislike_yes@2x.png in Resources */,
				0761729F1F61170800F353C6 /* body_background_img_first.png in Resources */,
				07FEF3651E9909FB00F6AC3B /* PodFile in Resources */,
				076172A71F613DBE00F353C6 /* body_background_img_third.png in Resources */,
				0749003B1F60647C008D990D /* head_img.png in Resources */,
				0749003A1F60647C008D990D /* head_background_img.png in Resources */,
				071C0A9E1EA5AAAC0022C709 /* icon_120X120.png in Resources */,
				071C0AA11EA5AAAC0022C709 /* icon_58X58.png in Resources */,
				07FEF31C1E99018A00F6AC3B /* Main.storyboard in Resources */,
				07670F1C1EA06D080027E3EA /* pause@2x.png in Resources */,
				07670F201EA06DE60027E3EA /* dislike_no@2x.png in Resources */,
				07B221F61F684DB90077585F /* magic_stick@2x.png in Resources */,
				07670F131EA05A250027E3EA /* PTMusicPlayerBottomView.xib in Resources */,
				07670ECA1E9E8B780027E3EA /* cover_default_image.png in Resources */,
				076172AF1F61532200F353C6 /* kotenbu_logo_home.png in Resources */,
				07670F191EA06D080027E3EA /* fav_no@2x.png in Resources */,
				071C0A9F1EA5AAAC0022C709 /* icon_180X180.png in Resources */,
				076172AD1F61530800F353C6 /* moefm_logo_home.png in Resources */,
				071E3BD71F65A9360024B4FA /* SliderSettingView.xib in Resources */,
				07670F1B1EA06D080027E3EA /* next@2x.png in Resources */,
				071E3BD21F659B4D0024B4FA /* nver.png in Resources */,
				076172A91F614B7600F353C6 /* foot_background_img.png in Resources */,
				071C0AA41EA5AAAC0022C709 /* icon_87X87.png in Resources */,
				076172A51F61293E00F353C6 /* moefm_logo_original.png in Resources */,
			);
			runOnlyForDeploymentPostprocessing = 0;
		};
/* End PBXResourcesBuildPhase section */

/* Begin PBXShellScriptBuildPhase section */
		53E559CE3AB63647EDB9CCF6 /* [CP] Embed Pods Frameworks */ = {
			isa = PBXShellScriptBuildPhase;
			buildActionMask = 2147483647;
			files = (
			);
			inputPaths = (
			);
			name = "[CP] Embed Pods Frameworks";
			outputPaths = (
			);
			runOnlyForDeploymentPostprocessing = 0;
			shellPath = /bin/sh;
			shellScript = "\"${SRCROOT}/Pods/Target Support Files/Pods-ProjectOfMoeFM/Pods-ProjectOfMoeFM-frameworks.sh\"\n";
			showEnvVarsInLog = 0;
		};
		8A7CE868DBC887C183B2B907 /* [CP] Check Pods Manifest.lock */ = {
			isa = PBXShellScriptBuildPhase;
			buildActionMask = 2147483647;
			files = (
			);
			inputPaths = (
			);
			name = "[CP] Check Pods Manifest.lock";
			outputPaths = (
			);
			runOnlyForDeploymentPostprocessing = 0;
			shellPath = /bin/sh;
			shellScript = "diff \"${PODS_ROOT}/../Podfile.lock\" \"${PODS_ROOT}/Manifest.lock\" > /dev/null\nif [ $? != 0 ] ; then\n    # print error to STDERR\n    echo \"error: The sandbox is not in sync with the Podfile.lock. Run 'pod install' or update your CocoaPods installation.\" >&2\n    exit 1\nfi\n";
			showEnvVarsInLog = 0;
		};
		FB135DB5949F99279B9F2239 /* [CP] Copy Pods Resources */ = {
			isa = PBXShellScriptBuildPhase;
			buildActionMask = 2147483647;
			files = (
			);
			inputPaths = (
			);
			name = "[CP] Copy Pods Resources";
			outputPaths = (
			);
			runOnlyForDeploymentPostprocessing = 0;
			shellPath = /bin/sh;
			shellScript = "\"${SRCROOT}/Pods/Target Support Files/Pods-ProjectOfMoeFM/Pods-ProjectOfMoeFM-resources.sh\"\n";
			showEnvVarsInLog = 0;
		};
/* End PBXShellScriptBuildPhase section */

/* Begin PBXSourcesBuildPhase section */
		07FEF30A1E99018A00F6AC3B /* Sources */ = {
			isa = PBXSourcesBuildPhase;
			buildActionMask = 2147483647;
			files = (
				071E3B951F6567A70024B4FA /* MoefmResponse.m in Sources */,
				07670F111EA05A030027E3EA /* PTMusicPlayerBottomView.m in Sources */,
				07DFD5681ED4BD3F003B6A93 /* RegisterViewController.m in Sources */,
				07670EF11E9F7D3D0027E3EA /* RadioPlayListViewController.m in Sources */,
				072CAFE11F689011004C01F9 /* MoefmHotAlbumCollectionViewCell.m in Sources */,
				071E3B981F6567EA0024B4FA /* MoefmUser.m in Sources */,
				072CAFDA1F687E8F004C01F9 /* MoefmWikiCollectionViewCell.m in Sources */,
				07E7B61B1E9D0C27004C9CF1 /* PTOAuthModel.m in Sources */,
				071E3BA71F6569620024B4FA /* MoefmObject.m in Sources */,
				071E3B9B1F65685E0024B4FA /* MoefmInformation.m in Sources */,
				071E3BD01F658FBC0024B4FA /* HomeHeaderView.m in Sources */,
				07E7B61A1E9D0C27004C9CF1 /* NSString+PTCollection.m in Sources */,
				0768B4701EBA1A3A00C8105D /* UIControl+PTFixMultiClick.m in Sources */,
				07FEF3601E99099600F6AC3B /* CollectionViewController.m in Sources */,
				07BAD4501E99FCF8009B6691 /* PTWebUtils.m in Sources */,
				07AF8A321EC0EFB2008BD1B6 /* MineTableViewCell.m in Sources */,
				07B221F01F67C9B00077585F /* SliderSettingHeaderView.m in Sources */,
				07FEF35E1E99099600F6AC3B /* AlbumViewController.m in Sources */,
				07BAD4621E9BC423009B6691 /* OAuthViewController.m in Sources */,
				07670EF41E9F83390027E3EA /* RadioPlayListCell.m in Sources */,
				07E7B61C1E9D0C27004C9CF1 /* PTOAuthTool.m in Sources */,
				071E3BD51F65A9140024B4FA /* SliderSettingView.m in Sources */,
				07670EA21E9E3DB50027E3EA /* RadioCollectionViewCell.m in Sources */,
				071E3BBE1F656B920024B4FA /* MoefmFavObject.m in Sources */,
				074CCB0E1EAA42BB00BE2B83 /* PTPlayerManager.m in Sources */,
				071E3BAA1F6569980024B4FA /* MoefmSubUpload.m in Sources */,
				07FEF3621E99099600F6AC3B /* MainTabBarController.m in Sources */,
				071E3BC41F658CB10024B4FA /* HotRadioView.m in Sources */,
				071E3BA11F6568E50024B4FA /* MoefmWiki.m in Sources */,
				071E3BCD1F658F280024B4FA /* HomeFooterView.m in Sources */,
				07FEF3131E99018A00F6AC3B /* main.m in Sources */,
				07419C731F5D4647007779C0 /* WelcomeViewController.m in Sources */,
				071E3BB01F656A3D0024B4FA /* MoefmSongFavSub.m in Sources */,
				071E3B9E1F6568A30024B4FA /* MoefmParameters.m in Sources */,
				07FEF3611E99099600F6AC3B /* HomeViewController.m in Sources */,
				074CAAD71F5EDDC700AE1A81 /* PTRequestTask.m in Sources */,
				071E3BBB1F656B440024B4FA /* MoefmFavSubUpload.m in Sources */,
				071C0A541EA394650022C709 /* PlayerData.m in Sources */,
				074CAADE1F5EECA200AE1A81 /* NSURL+PTCollection.m in Sources */,
				074CAAD41F5EDCB600AE1A81 /* PTResourceLoader.m in Sources */,
				071E3BAD1F6569BC0024B4FA /* MoefmSong.m in Sources */,
				07B8EE251EB798E100162868 /* CollectionSongsCell.m in Sources */,
				07AF8A2F1EC0E6D2008BD1B6 /* GTMNSString+HTML.m in Sources */,
				0769F0B61EAF769C005EE315 /* MineViewController.m in Sources */,
				071E3BB51F656A980024B4FA /* MoefmFavourite.m in Sources */,
				07FEF3681E990F8500F6AC3B /* AppDelegate.m in Sources */,
				074CAADA1F5EDDE000AE1A81 /* PTFileHandle.m in Sources */,
				071E3BA41F65692A0024B4FA /* MoefmRelationships.m in Sources */,
				07670EFF1E9F8ED40027E3EA /* MoefmAPIConst.m in Sources */,
				071E3BC11F6574CE0024B4FA /* MoeHomeViewController.m in Sources */,
				071E3BCA1F658E010024B4FA /* UserHeadPictureView.m in Sources */,
				071E3BC71F658D220024B4FA /* HotAlbumView.m in Sources */,
			);
			runOnlyForDeploymentPostprocessing = 0;
		};
/* End PBXSourcesBuildPhase section */

/* Begin PBXVariantGroup section */
		07FEF31A1E99018A00F6AC3B /* Main.storyboard */ = {
			isa = PBXVariantGroup;
			children = (
				07FEF31B1E99018A00F6AC3B /* Base */,
			);
			name = Main.storyboard;
			sourceTree = "<group>";
		};
		07FEF31F1E99018A00F6AC3B /* LaunchScreen.storyboard */ = {
			isa = PBXVariantGroup;
			children = (
				07FEF3201E99018A00F6AC3B /* Base */,
			);
			name = LaunchScreen.storyboard;
			sourceTree = "<group>";
		};
/* End PBXVariantGroup section */

/* Begin XCBuildConfiguration section */
		07FEF3231E99018A00F6AC3B /* Debug */ = {
			isa = XCBuildConfiguration;
			buildSettings = {
				ALWAYS_SEARCH_USER_PATHS = NO;
				CLANG_ANALYZER_NONNULL = YES;
				CLANG_ANALYZER_NUMBER_OBJECT_CONVERSION = YES_AGGRESSIVE;
				CLANG_CXX_LANGUAGE_STANDARD = "gnu++0x";
				CLANG_CXX_LIBRARY = "libc++";
				CLANG_ENABLE_MODULES = YES;
				CLANG_ENABLE_OBJC_ARC = YES;
				CLANG_WARN_BOOL_CONVERSION = YES;
				CLANG_WARN_CONSTANT_CONVERSION = YES;
				CLANG_WARN_DIRECT_OBJC_ISA_USAGE = YES_ERROR;
				CLANG_WARN_DOCUMENTATION_COMMENTS = YES;
				CLANG_WARN_EMPTY_BODY = YES;
				CLANG_WARN_ENUM_CONVERSION = YES;
				CLANG_WARN_INFINITE_RECURSION = YES;
				CLANG_WARN_INT_CONVERSION = YES;
				CLANG_WARN_OBJC_ROOT_CLASS = YES_ERROR;
				CLANG_WARN_SUSPICIOUS_MOVE = YES;
				CLANG_WARN_UNREACHABLE_CODE = YES;
				CLANG_WARN__DUPLICATE_METHOD_MATCH = YES;
				CODE_SIGN_IDENTITY = "iPhone Distribution: Pingjun Peng (ZH9AQ2F24G)";
				"CODE_SIGN_IDENTITY[sdk=iphoneos*]" = "iPhone Distribution";
				COPY_PHASE_STRIP = NO;
				DEBUG_INFORMATION_FORMAT = dwarf;
				ENABLE_STRICT_OBJC_MSGSEND = YES;
				ENABLE_TESTABILITY = YES;
				GCC_C_LANGUAGE_STANDARD = gnu99;
				GCC_DYNAMIC_NO_PIC = NO;
				GCC_NO_COMMON_BLOCKS = YES;
				GCC_OPTIMIZATION_LEVEL = 0;
				GCC_PREPROCESSOR_DEFINITIONS = (
					"DEBUG=1",
					"$(inherited)",
				);
				GCC_WARN_64_TO_32_BIT_CONVERSION = YES;
				GCC_WARN_ABOUT_RETURN_TYPE = YES_ERROR;
				GCC_WARN_UNDECLARED_SELECTOR = YES;
				GCC_WARN_UNINITIALIZED_AUTOS = YES_AGGRESSIVE;
				GCC_WARN_UNUSED_FUNCTION = YES;
				GCC_WARN_UNUSED_VARIABLE = YES;
				IPHONEOS_DEPLOYMENT_TARGET = 10.3;
				MTL_ENABLE_DEBUG_INFO = YES;
				ONLY_ACTIVE_ARCH = YES;
				PROVISIONING_PROFILE = "";
				PROVISIONING_PROFILE_SPECIFIER = ProjectOfMoeFM20170906;
				SDKROOT = iphoneos;
			};
			name = Debug;
		};
		07FEF3241E99018A00F6AC3B /* Release */ = {
			isa = XCBuildConfiguration;
			buildSettings = {
				ALWAYS_SEARCH_USER_PATHS = NO;
				CLANG_ANALYZER_NONNULL = YES;
				CLANG_ANALYZER_NUMBER_OBJECT_CONVERSION = YES_AGGRESSIVE;
				CLANG_CXX_LANGUAGE_STANDARD = "gnu++0x";
				CLANG_CXX_LIBRARY = "libc++";
				CLANG_ENABLE_MODULES = YES;
				CLANG_ENABLE_OBJC_ARC = YES;
				CLANG_WARN_BOOL_CONVERSION = YES;
				CLANG_WARN_CONSTANT_CONVERSION = YES;
				CLANG_WARN_DIRECT_OBJC_ISA_USAGE = YES_ERROR;
				CLANG_WARN_DOCUMENTATION_COMMENTS = YES;
				CLANG_WARN_EMPTY_BODY = YES;
				CLANG_WARN_ENUM_CONVERSION = YES;
				CLANG_WARN_INFINITE_RECURSION = YES;
				CLANG_WARN_INT_CONVERSION = YES;
				CLANG_WARN_OBJC_ROOT_CLASS = YES_ERROR;
				CLANG_WARN_SUSPICIOUS_MOVE = YES;
				CLANG_WARN_UNREACHABLE_CODE = YES;
				CLANG_WARN__DUPLICATE_METHOD_MATCH = YES;
				CODE_SIGN_IDENTITY = "iPhone Distribution: Pingjun Peng (ZH9AQ2F24G)";
				"CODE_SIGN_IDENTITY[sdk=iphoneos*]" = "iPhone Distribution";
				COPY_PHASE_STRIP = NO;
				DEBUG_INFORMATION_FORMAT = "dwarf-with-dsym";
				ENABLE_NS_ASSERTIONS = NO;
				ENABLE_STRICT_OBJC_MSGSEND = YES;
				GCC_C_LANGUAGE_STANDARD = gnu99;
				GCC_NO_COMMON_BLOCKS = YES;
				GCC_WARN_64_TO_32_BIT_CONVERSION = YES;
				GCC_WARN_ABOUT_RETURN_TYPE = YES_ERROR;
				GCC_WARN_UNDECLARED_SELECTOR = YES;
				GCC_WARN_UNINITIALIZED_AUTOS = YES_AGGRESSIVE;
				GCC_WARN_UNUSED_FUNCTION = YES;
				GCC_WARN_UNUSED_VARIABLE = YES;
				IPHONEOS_DEPLOYMENT_TARGET = 10.3;
				MTL_ENABLE_DEBUG_INFO = NO;
				PROVISIONING_PROFILE = "";
				PROVISIONING_PROFILE_SPECIFIER = ProjectOfMoeFM20170906;
				SDKROOT = iphoneos;
				VALIDATE_PRODUCT = YES;
			};
			name = Release;
		};
		07FEF3261E99018A00F6AC3B /* Debug */ = {
			isa = XCBuildConfiguration;
			baseConfigurationReference = 14B1279463BEC9D4A4938733 /* Pods-ProjectOfMoeFM.debug.xcconfig */;
			buildSettings = {
				ASSETCATALOG_COMPILER_APPICON_NAME = AppIcon;
				CODE_SIGN_ENTITLEMENTS = ProjectOfMoeFM/ProjectOfMoeFM.entitlements;
				CODE_SIGN_IDENTITY = "iPhone Developer: Pingjun Peng (2B9WE6SENC)";
				"CODE_SIGN_IDENTITY[sdk=iphoneos*]" = "iPhone Developer: Pingjun Peng (2B9WE6SENC)";
				DEVELOPMENT_TEAM = ZH9AQ2F24G;
				INFOPLIST_FILE = ProjectOfMoeFM/Info.plist;
				IPHONEOS_DEPLOYMENT_TARGET = 9.0;
				LD_RUNPATH_SEARCH_PATHS = "$(inherited) @executable_path/Frameworks";
				PRODUCT_BUNDLE_IDENTIFIER = com.pengpingjun1989.ProjectOfMoeFM;
				PRODUCT_NAME = "$(TARGET_NAME)";
				PROVISIONING_PROFILE = "1b12d054-308e-4d49-acdd-5a21a17dd058";
				PROVISIONING_PROFILE_SPECIFIER = Development20170906;
				TARGETED_DEVICE_FAMILY = "1,2";
			};
			name = Debug;
		};
		07FEF3271E99018A00F6AC3B /* Release */ = {
			isa = XCBuildConfiguration;
			baseConfigurationReference = 14F721D7A992BC45F496DDD3 /* Pods-ProjectOfMoeFM.release.xcconfig */;
			buildSettings = {
				ASSETCATALOG_COMPILER_APPICON_NAME = AppIcon;
				CODE_SIGN_ENTITLEMENTS = ProjectOfMoeFM/ProjectOfMoeFM.entitlements;
				CODE_SIGN_IDENTITY = "iPhone Distribution: Pingjun Peng (ZH9AQ2F24G)";
				"CODE_SIGN_IDENTITY[sdk=iphoneos*]" = "iPhone Distribution: Pingjun Peng (ZH9AQ2F24G)";
				DEVELOPMENT_TEAM = ZH9AQ2F24G;
				INFOPLIST_FILE = ProjectOfMoeFM/Info.plist;
				IPHONEOS_DEPLOYMENT_TARGET = 9.0;
				LD_RUNPATH_SEARCH_PATHS = "$(inherited) @executable_path/Frameworks";
				PRODUCT_BUNDLE_IDENTIFIER = com.pengpingjun1989.ProjectOfMoeFM;
				PRODUCT_NAME = "$(TARGET_NAME)";
				PROVISIONING_PROFILE = "efc12ae6-b5fa-41b4-a0bf-e302fbe0b5a3";
				PROVISIONING_PROFILE_SPECIFIER = Distribution20170906;
				TARGETED_DEVICE_FAMILY = "1,2";
			};
			name = Release;
		};
/* End XCBuildConfiguration section */

/* Begin XCConfigurationList section */
		07FEF3091E99018A00F6AC3B /* Build configuration list for PBXProject "ProjectOfMoeFM" */ = {
			isa = XCConfigurationList;
			buildConfigurations = (
				07FEF3231E99018A00F6AC3B /* Debug */,
				07FEF3241E99018A00F6AC3B /* Release */,
			);
			defaultConfigurationIsVisible = 0;
			defaultConfigurationName = Release;
		};
		07FEF3251E99018A00F6AC3B /* Build configuration list for PBXNativeTarget "ProjectOfMoeFM" */ = {
			isa = XCConfigurationList;
			buildConfigurations = (
				07FEF3261E99018A00F6AC3B /* Debug */,
				07FEF3271E99018A00F6AC3B /* Release */,
			);
			defaultConfigurationIsVisible = 0;
			defaultConfigurationName = Release;
		};
/* End XCConfigurationList section */
	};
	rootObject = 07FEF3061E99018A00F6AC3B /* Project object */;
}
